
Microsoft Visual Studio Solution File, Format Version 12.00
# Visual Studio 14
VisualStudioVersion = 14.0.25420.1
MinimumVisualStudioVersion = 10.0.40219.1
Project("{FAE04EC0-301F-11D3-BF4B-00C04F79EFBC}") = "PinTshirt", "PinTshirt\PinTshirt.csproj", "{059BFBA2-829A-473A-BF9B-DE6518774A52}"
EndProject
Project("{FAE04EC0-301F-11D3-BF4B-00C04F79EFBC}") = "PinTshirt.Tests", "PinTshirt.Tests\PinTshirt.Tests.csproj", "{F746CFBD-5EDA-48E7-BE83-98E1B642071E}"
EndProject
Project("{FAE04EC0-301F-11D3-BF4B-00C04F79EFBC}") = "PinTshirt.Commons", "PinTshirt.Commons\PinTshirt.Commons.csproj", "{6F5DBF33-07E3-43BC-9B77-00D22838C4ED}"
EndProject
Global
	GlobalSection(SubversionScc) = preSolution
		Svn-Managed = True
		Manager = AnkhSVN - Subversion Support for Visual Studio
	EndGlobalSection
	GlobalSection(SolutionConfigurationPlatforms) = preSolution
		Debug|Any CPU = Debug|Any CPU
		Release|Any CPU = Release|Any CPU
	EndGlobalSection
	GlobalSection(ProjectConfigurationPlatforms) = postSolution
		{059BFBA2-829A-473A-BF9B-DE6518774A52}.Debug|Any CPU.ActiveCfg = Debug|Any CPU
		{059BFBA2-829A-473A-BF9B-DE6518774A52}.Debug|Any CPU.Build.0 = Debug|Any CPU
		{059BFBA2-829A-473A-BF9B-DE6518774A52}.Release|Any CPU.ActiveCfg = Release|Any CPU
		{059BFBA2-829A-473A-BF9B-DE6518774A52}.Release|Any CPU.Build.0 = Release|Any CPU
		{F746CFBD-5EDA-48E7-BE83-98E1B642071E}.Debug|Any CPU.ActiveCfg = Debug|Any CPU
		{F746CFBD-5EDA-48E7-BE83-98E1B642071E}.Debug|Any CPU.Build.0 = Debug|Any CPU
		{F746CFBD-5EDA-48E7-BE83-98E1B642071E}.Release|Any CPU.ActiveCfg = Release|Any CPU
		{F746CFBD-5EDA-48E7-BE83-98E1B642071E}.Release|Any CPU.Build.0 = Release|Any CPU
		{6F5DBF33-07E3-43BC-9B77-00D22838C4ED}.Debug|Any CPU.ActiveCfg = Debug|Any CPU
		{6F5DBF33-07E3-43BC-9B77-00D22838C4ED}.Debug|Any CPU.Build.0 = Debug|Any CPU
		{6F5DBF33-07E3-43BC-9B77-00D22838C4ED}.Release|Any CPU.ActiveCfg = Release|Any CPU
		{6F5DBF33-07E3-43BC-9B77-00D22838C4ED}.Release|Any CPU.Build.0 = Release|Any CPU
	EndGlobalSection
	GlobalSection(SolutionProperties) = preSolution
		HideSolutionNode = FALSE
	EndGlobalSection
EndGlobal
